// !$*UTF8*$!
{
	archiveVersion = 1;
	classes = {
	};
	objectVersion = 55;
	objects = {

/* Begin PBXBuildFile section */
		5A0C54D72965522C004490B2 /* AppDelegate.swift in Sources */ = {isa = PBXBuildFile; fileRef = 5A0C54D62965522C004490B2 /* AppDelegate.swift */; };
		5A0C54D92965522C004490B2 /* SceneDelegate.swift in Sources */ = {isa = PBXBuildFile; fileRef = 5A0C54D82965522C004490B2 /* SceneDelegate.swift */; };
		5A0C54DB2965522C004490B2 /* ViewController.swift in Sources */ = {isa = PBXBuildFile; fileRef = 5A0C54DA2965522C004490B2 /* ViewController.swift */; };
		5A0C54DE2965522C004490B2 /* Main.storyboard in Resources */ = {isa = PBXBuildFile; fileRef = 5A0C54DC2965522C004490B2 /* Main.storyboard */; };
		5A0C54E02965522F004490B2 /* Assets.xcassets in Resources */ = {isa = PBXBuildFile; fileRef = 5A0C54DF2965522F004490B2 /* Assets.xcassets */; };
		5A0C54E32965522F004490B2 /* LaunchScreen.storyboard in Resources */ = {isa = PBXBuildFile; fileRef = 5A0C54E12965522F004490B2 /* LaunchScreen.storyboard */; };
		5A0C54EE29655230004490B2 /* in_App_PurschaseTests.swift in Sources */ = {isa = PBXBuildFile; fileRef = 5A0C54ED29655230004490B2 /* in_App_PurschaseTests.swift */; };
		5A0C54F829655230004490B2 /* in_App_PurschaseUITests.swift in Sources */ = {isa = PBXBuildFile; fileRef = 5A0C54F729655230004490B2 /* in_App_PurschaseUITests.swift */; };
		5A0C54FA29655230004490B2 /* in_App_PurschaseUITestsLaunchTests.swift in Sources */ = {isa = PBXBuildFile; fileRef = 5A0C54F929655230004490B2 /* in_App_PurschaseUITestsLaunchTests.swift */; };
		5A0C550C2965852C004490B2 /* StoreKit.framework in Frameworks */ = {isa = PBXBuildFile; fileRef = 5A0C550B2965852C004490B2 /* StoreKit.framework */; };
/* End PBXBuildFile section */

/* Begin PBXContainerItemProxy section */
		5A0C54EA29655230004490B2 /* PBXContainerItemProxy */ = {
			isa = PBXContainerItemProxy;
			containerPortal = 5A0C54CB2965522C004490B2 /* Project object */;
			proxyType = 1;
			remoteGlobalIDString = 5A0C54D22965522C004490B2;
			remoteInfo = "in-App Purschase";
		};
		5A0C54F429655230004490B2 /* PBXContainerItemProxy */ = {
			isa = PBXContainerItemProxy;
			containerPortal = 5A0C54CB2965522C004490B2 /* Project object */;
			proxyType = 1;
			remoteGlobalIDString = 5A0C54D22965522C004490B2;
			remoteInfo = "in-App Purschase";
		};
/* End PBXContainerItemProxy section */

/* Begin PBXFileReference section */
		5A02420A2968227E00BCB889 /* myapp.storekit */ = {isa = PBXFileReference; lastKnownFileType = text; path = myapp.storekit; sourceTree = "<group>"; };
		5A0C54D32965522C004490B2 /* in-App Purschase.app */ = {isa = PBXFileReference; explicitFileType = wrapper.application; includeInIndex = 0; path = "in-App Purschase.app"; sourceTree = BUILT_PRODUCTS_DIR; };
		5A0C54D62965522C004490B2 /* AppDelegate.swift */ = {isa = PBXFileReference; lastKnownFileType = sourcecode.swift; path = AppDelegate.swift; sourceTree = "<group>"; };
		5A0C54D82965522C004490B2 /* SceneDelegate.swift */ = {isa = PBXFileReference; lastKnownFileType = sourcecode.swift; path = SceneDelegate.swift; sourceTree = "<group>"; };
		5A0C54DA2965522C004490B2 /* ViewController.swift */ = {isa = PBXFileReference; lastKnownFileType = sourcecode.swift; path = ViewController.swift; sourceTree = "<group>"; };
		5A0C54DD2965522C004490B2 /* Base */ = {isa = PBXFileReference; lastKnownFileType = file.storyboard; name = Base; path = Base.lproj/Main.storyboard; sourceTree = "<group>"; };
		5A0C54DF2965522F004490B2 /* Assets.xcassets */ = {isa = PBXFileReference; lastKnownFileType = folder.assetcatalog; path = Assets.xcassets; sourceTree = "<group>"; };
		5A0C54E22965522F004490B2 /* Base */ = {isa = PBXFileReference; lastKnownFileType = file.storyboard; name = Base; path = Base.lproj/LaunchScreen.storyboard; sourceTree = "<group>"; };
		5A0C54E42965522F004490B2 /* Info.plist */ = {isa = PBXFileReference; lastKnownFileType = text.plist.xml; path = Info.plist; sourceTree = "<group>"; };
		5A0C54E929655230004490B2 /* in-App PurschaseTests.xctest */ = {isa = PBXFileReference; explicitFileType = wrapper.cfbundle; includeInIndex = 0; path = "in-App PurschaseTests.xctest"; sourceTree = BUILT_PRODUCTS_DIR; };
		5A0C54ED29655230004490B2 /* in_App_PurschaseTests.swift */ = {isa = PBXFileReference; lastKnownFileType = sourcecode.swift; path = in_App_PurschaseTests.swift; sourceTree = "<group>"; };
		5A0C54F329655230004490B2 /* in-App PurschaseUITests.xctest */ = {isa = PBXFileReference; explicitFileType = wrapper.cfbundle; includeInIndex = 0; path = "in-App PurschaseUITests.xctest"; sourceTree = BUILT_PRODUCTS_DIR; };
		5A0C54F729655230004490B2 /* in_App_PurschaseUITests.swift */ = {isa = PBXFileReference; lastKnownFileType = sourcecode.swift; path = in_App_PurschaseUITests.swift; sourceTree = "<group>"; };
		5A0C54F929655230004490B2 /* in_App_PurschaseUITestsLaunchTests.swift */ = {isa = PBXFileReference; lastKnownFileType = sourcecode.swift; path = in_App_PurschaseUITestsLaunchTests.swift; sourceTree = "<group>"; };
		5A0C550B2965852C004490B2 /* StoreKit.framework */ = {isa = PBXFileReference; lastKnownFileType = wrapper.framework; name = StoreKit.framework; path = System/Library/Frameworks/StoreKit.framework; sourceTree = SDKROOT; };
/* End PBXFileReference section */

/* Begin PBXFrameworksBuildPhase section */
		5A0C54D02965522C004490B2 /* Frameworks */ = {
			isa = PBXFrameworksBuildPhase;
			buildActionMask = 2147483647;
			files = (
				5A0C550C2965852C004490B2 /* StoreKit.framework in Frameworks */,
			);
			runOnlyForDeploymentPostprocessing = 0;
		};
		5A0C54E629655230004490B2 /* Frameworks */ = {
			isa = PBXFrameworksBuildPhase;
			buildActionMask = 2147483647;
			files = (
			);
			runOnlyForDeploymentPostprocessing = 0;
		};
		5A0C54F029655230004490B2 /* Frameworks */ = {
			isa = PBXFrameworksBuildPhase;
			buildActionMask = 2147483647;
			files = (
			);
			runOnlyForDeploymentPostprocessing = 0;
		};
/* End PBXFrameworksBuildPhase section */

/* Begin PBXGroup section */
		5A0C54CA2965522C004490B2 = {
			isa = PBXGroup;
			children = (
				5A0C54D52965522C004490B2 /* in-App Purschase */,
				5A0C54EC29655230004490B2 /* in-App PurschaseTests */,
				5A0C54F629655230004490B2 /* in-App PurschaseUITests */,
				5A0C54D42965522C004490B2 /* Products */,
				5A0C550A2965852C004490B2 /* Frameworks */,
			);
			sourceTree = "<group>";
		};
		5A0C54D42965522C004490B2 /* Products */ = {
			isa = PBXGroup;
			children = (
				5A0C54D32965522C004490B2 /* in-App Purschase.app */,
				5A0C54E929655230004490B2 /* in-App PurschaseTests.xctest */,
				5A0C54F329655230004490B2 /* in-App PurschaseUITests.xctest */,
			);
			name = Products;
			sourceTree = "<group>";
		};
		5A0C54D52965522C004490B2 /* in-App Purschase */ = {
			isa = PBXGroup;
			children = (
				5A0C54D62965522C004490B2 /* AppDelegate.swift */,
				5A0C54D82965522C004490B2 /* SceneDelegate.swift */,
				5A0C54DA2965522C004490B2 /* ViewController.swift */,
				5A02420A2968227E00BCB889 /* myapp.storekit */,
				5A0C54DC2965522C004490B2 /* Main.storyboard */,
				5A0C54DF2965522F004490B2 /* Assets.xcassets */,
				5A0C54E12965522F004490B2 /* LaunchScreen.storyboard */,
				5A0C54E42965522F004490B2 /* Info.plist */,
			);
			path = "in-App Purschase";
			sourceTree = "<group>";
		};
		5A0C54EC29655230004490B2 /* in-App PurschaseTests */ = {
			isa = PBXGroup;
			children = (
				5A0C54ED29655230004490B2 /* in_App_PurschaseTests.swift */,
			);
			path = "in-App PurschaseTests";
			sourceTree = "<group>";
		};
		5A0C54F629655230004490B2 /* in-App PurschaseUITests */ = {
			isa = PBXGroup;
			children = (
				5A0C54F729655230004490B2 /* in_App_PurschaseUITests.swift */,
				5A0C54F929655230004490B2 /* in_App_PurschaseUITestsLaunchTests.swift */,
			);
			path = "in-App PurschaseUITests";
			sourceTree = "<group>";
		};
		5A0C550A2965852C004490B2 /* Frameworks */ = {
			isa = PBXGroup;
			children = (
				5A0C550B2965852C004490B2 /* StoreKit.framework */,
			);
			name = Frameworks;
			sourceTree = "<group>";
		};
/* End PBXGroup section */

/* Begin PBXNativeTarget section */
		5A0C54D22965522C004490B2 /* in-App Purschase */ = {
			isa = PBXNativeTarget;
			buildConfigurationList = 5A0C54FD29655230004490B2 /* Build configuration list for PBXNativeTarget "in-App Purschase" */;
			buildPhases = (
				5A0C54CF2965522C004490B2 /* Sources */,
				5A0C54D02965522C004490B2 /* Frameworks */,
				5A0C54D12965522C004490B2 /* Resources */,
			);
			buildRules = (
			);
			dependencies = (
			);
			name = "in-App Purschase";
			productName = "in-App Purschase";
			productReference = 5A0C54D32965522C004490B2 /* in-App Purschase.app */;
			productType = "com.apple.product-type.application";
		};
		5A0C54E829655230004490B2 /* in-App PurschaseTests */ = {
			isa = PBXNativeTarget;
			buildConfigurationList = 5A0C550029655230004490B2 /* Build configuration list for PBXNativeTarget "in-App PurschaseTests" */;
			buildPhases = (
				5A0C54E529655230004490B2 /* Sources */,
				5A0C54E629655230004490B2 /* Frameworks */,
				5A0C54E729655230004490B2 /* Resources */,
			);
			buildRules = (
			);
			dependencies = (
				5A0C54EB29655230004490B2 /* PBXTargetDependency */,
			);
			name = "in-App PurschaseTests";
			productName = "in-App PurschaseTests";
			productReference = 5A0C54E929655230004490B2 /* in-App PurschaseTests.xctest */;
			productType = "com.apple.product-type.bundle.unit-test";
		};
		5A0C54F229655230004490B2 /* in-App PurschaseUITests */ = {
			isa = PBXNativeTarget;
			buildConfigurationList = 5A0C550329655230004490B2 /* Build configuration list for PBXNativeTarget "in-App PurschaseUITests" */;
			buildPhases = (
				5A0C54EF29655230004490B2 /* Sources */,
				5A0C54F029655230004490B2 /* Frameworks */,
				5A0C54F129655230004490B2 /* Resources */,
			);
			buildRules = (
			);
			dependencies = (
				5A0C54F529655230004490B2 /* PBXTargetDependency */,
			);
			name = "in-App PurschaseUITests";
			productName = "in-App PurschaseUITests";
			productReference = 5A0C54F329655230004490B2 /* in-App PurschaseUITests.xctest */;
			productType = "com.apple.product-type.bundle.ui-testing";
		};
/* End PBXNativeTarget section */

/* Begin PBXProject section */
		5A0C54CB2965522C004490B2 /* Project object */ = {
			isa = PBXProject;
			attributes = {
				BuildIndependentTargetsInParallel = 1;
				LastSwiftUpdateCheck = 1340;
				LastUpgradeCheck = 1340;
				TargetAttributes = {
					5A0C54D22965522C004490B2 = {
						CreatedOnToolsVersion = 13.4.1;
					};
					5A0C54E829655230004490B2 = {
						CreatedOnToolsVersion = 13.4.1;
						TestTargetID = 5A0C54D22965522C004490B2;
					};
					5A0C54F229655230004490B2 = {
						CreatedOnToolsVersion = 13.4.1;
						TestTargetID = 5A0C54D22965522C004490B2;
					};
				};
			};
			buildConfigurationList = 5A0C54CE2965522C004490B2 /* Build configuration list for PBXProject "in-App Purschase" */;
			compatibilityVersion = "Xcode 13.0";
			developmentRegion = en;
			hasScannedForEncodings = 0;
			knownRegions = (
				en,
				Base,
			);
			mainGroup = 5A0C54CA2965522C004490B2;
			productRefGroup = 5A0C54D42965522C004490B2 /* Products */;
			projectDirPath = "";
			projectRoot = "";
			targets = (
				5A0C54D22965522C004490B2 /* in-App Purschase */,
				5A0C54E829655230004490B2 /* in-App PurschaseTests */,
				5A0C54F229655230004490B2 /* in-App PurschaseUITests */,
			);
		};
/* End PBXProject section */

/* Begin PBXResourcesBuildPhase section */
		5A0C54D12965522C004490B2 /* Resources */ = {
			isa = PBXResourcesBuildPhase;
			buildActionMask = 2147483647;
			files = (
				5A0C54E32965522F004490B2 /* LaunchScreen.storyboard in Resources */,
				5A0C54E02965522F004490B2 /* Assets.xcassets in Resources */,
				5A0C54DE2965522C004490B2 /* Main.storyboard in Resources */,
			);
			runOnlyForDeploymentPostprocessing = 0;
		};
		5A0C54E729655230004490B2 /* Resources */ = {
			isa = PBXResourcesBuildPhase;
			buildActionMask = 2147483647;
			files = (
			);
			runOnlyForDeploymentPostprocessing = 0;
		};
		5A0C54F129655230004490B2 /* Resources */ = {
			isa = PBXResourcesBuildPhase;
			buildActionMask = 2147483647;
			files = (
			);
			runOnlyForDeploymentPostprocessing = 0;
		};
/* End PBXResourcesBuildPhase section */

/* Begin PBXSourcesBuildPhase section */
		5A0C54CF2965522C004490B2 /* Sources */ = {
			isa = PBXSourcesBuildPhase;
			buildActionMask = 2147483647;
			files = (
				5A0C54DB2965522C004490B2 /* ViewController.swift in Sources */,
				5A0C54D72965522C004490B2 /* AppDelegate.swift in Sources */,
				5A0C54D92965522C004490B2 /* SceneDelegate.swift in Sources */,
			);
			runOnlyForDeploymentPostprocessing = 0;
		};
		5A0C54E529655230004490B2 /* Sources */ = {
			isa = PBXSourcesBuildPhase;
			buildActionMask = 2147483647;
			files = (
				5A0C54EE29655230004490B2 /* in_App_PurschaseTests.swift in Sources */,
			);
			runOnlyForDeploymentPostprocessing = 0;
		};
		5A0C54EF29655230004490B2 /* Sources */ = {
			isa = PBXSourcesBuildPhase;
			buildActionMask = 2147483647;
			files = (
				5A0C54FA29655230004490B2 /* in_App_PurschaseUITestsLaunchTests.swift in Sources */,
				5A0C54F829655230004490B2 /* in_App_PurschaseUITests.swift in Sources */,
			);
			runOnlyForDeploymentPostprocessing = 0;
		};
/* End PBXSourcesBuildPhase section */

/* Begin PBXTargetDependency section */
		5A0C54EB29655230004490B2 /* PBXTargetDependency */ = {
			isa = PBXTargetDependency;
			target = 5A0C54D22965522C004490B2 /* in-App Purschase */;
			targetProxy = 5A0C54EA29655230004490B2 /* PBXContainerItemProxy */;
		};
		5A0C54F529655230004490B2 /* PBXTargetDependency */ = {
			isa = PBXTargetDependency;
			target = 5A0C54D22965522C004490B2 /* in-App Purschase */;
			targetProxy = 5A0C54F429655230004490B2 /* PBXContainerItemProxy */;
		};
/* End PBXTargetDependency section */

/* Begin PBXVariantGroup section */
		5A0C54DC2965522C004490B2 /* Main.storyboard */ = {
			isa = PBXVariantGroup;
			children = (
				5A0C54DD2965522C004490B2 /* Base */,
			);
			name = Main.storyboard;
			sourceTree = "<group>";
		};
		5A0C54E12965522F004490B2 /* LaunchScreen.storyboard */ = {
			isa = PBXVariantGroup;
			children = (
				5A0C54E22965522F004490B2 /* Base */,
			);
			name = LaunchScreen.storyboard;
			sourceTree = "<group>";
		};
/* End PBXVariantGroup section */

/* Begin XCBuildConfiguration section */
		5A0C54FB29655230004490B2 /* Debug */ = {
			isa = XCBuildConfiguration;
			buildSettings = {
				ALWAYS_SEARCH_USER_PATHS = NO;
				CLANG_ANALYZER_NONNULL = YES;
				CLANG_ANALYZER_NUMBER_OBJECT_CONVERSION = YES_AGGRESSIVE;
				CLANG_CXX_LANGUAGE_STANDARD = "gnu++17";
				CLANG_ENABLE_MODULES = YES;
				CLANG_ENABLE_OBJC_ARC = YES;
				CLANG_ENABLE_OBJC_WEAK = YES;
				CLANG_WARN_BLOCK_CAPTURE_AUTORELEASING = YES;
				CLANG_WARN_BOOL_CONVERSION = YES;
				CLANG_WARN_COMMA = YES;
				CLANG_WARN_CONSTANT_CONVERSION = YES;
				CLANG_WARN_DEPRECATED_OBJC_IMPLEMENTATIONS = YES;
				CLANG_WARN_DIRECT_OBJC_ISA_USAGE = YES_ERROR;
				CLANG_WARN_DOCUMENTATION_COMMENTS = YES;
				CLANG_WARN_EMPTY_BODY = YES;
				CLANG_WARN_ENUM_CONVERSION = YES;
				CLANG_WARN_INFINITE_RECURSION = YES;
				CLANG_WARN_INT_CONVERSION = YES;
				CLANG_WARN_NON_LITERAL_NULL_CONVERSION = YES;
				CLANG_WARN_OBJC_IMPLICIT_RETAIN_SELF = YES;
				CLANG_WARN_OBJC_LITERAL_CONVERSION = YES;
				CLANG_WARN_OBJC_ROOT_CLASS = YES_ERROR;
				CLANG_WARN_QUOTED_INCLUDE_IN_FRAMEWORK_HEADER = YES;
				CLANG_WARN_RANGE_LOOP_ANALYSIS = YES;
				CLANG_WARN_STRICT_PROTOTYPES = YES;
				CLANG_WARN_SUSPICIOUS_MOVE = YES;
				CLANG_WARN_UNGUARDED_AVAILABILITY = YES_AGGRESSIVE;
				CLANG_WARN_UNREACHABLE_CODE = YES;
				CLANG_WARN__DUPLICATE_METHOD_MATCH = YES;
				COPY_PHASE_STRIP = NO;
				DEBUG_INFORMATION_FORMAT = dwarf;
				ENABLE_STRICT_OBJC_MSGSEND = YES;
				ENABLE_TESTABILITY = YES;
				GCC_C_LANGUAGE_STANDARD = gnu11;
				GCC_DYNAMIC_NO_PIC = NO;
				GCC_NO_COMMON_BLOCKS = YES;
				GCC_OPTIMIZATION_LEVEL = 0;
				GCC_PREPROCESSOR_DEFINITIONS = (
					"DEBUG=1",
					"$(inherited)",
				);
				GCC_WARN_64_TO_32_BIT_CONVERSION = YES;
				GCC_WARN_ABOUT_RETURN_TYPE = YES_ERROR;
				GCC_WARN_UNDECLARED_SELECTOR = YES;
				GCC_WARN_UNINITIALIZED_AUTOS = YES_AGGRESSIVE;
				GCC_WARN_UNUSED_FUNCTION = YES;
				GCC_WARN_UNUSED_VARIABLE = YES;
				IPHONEOS_DEPLOYMENT_TARGET = 15.5;
				MTL_ENABLE_DEBUG_INFO = INCLUDE_SOURCE;
				MTL_FAST_MATH = YES;
				ONLY_ACTIVE_ARCH = YES;
				SDKROOT = iphoneos;
				SWIFT_ACTIVE_COMPILATION_CONDITIONS = DEBUG;
				SWIFT_OPTIMIZATION_LEVEL = "-Onone";
			};
			name = Debug;
		};
		5A0C54FC29655230004490B2 /* Release */ = {
			isa = XCBuildConfiguration;
			buildSettings = {
				ALWAYS_SEARCH_USER_PATHS = NO;
				CLANG_ANALYZER_NONNULL = YES;
				CLANG_ANALYZER_NUMBER_OBJECT_CONVERSION = YES_AGGRESSIVE;
				CLANG_CXX_LANGUAGE_STANDARD = "gnu++17";
				CLANG_ENABLE_MODULES = YES;
				CLANG_ENABLE_OBJC_ARC = YES;
				CLANG_ENABLE_OBJC_WEAK = YES;
				CLANG_WARN_BLOCK_CAPTURE_AUTORELEASING = YES;
				CLANG_WARN_BOOL_CONVERSION = YES;
				CLANG_WARN_COMMA = YES;
				CLANG_WARN_CONSTANT_CONVERSION = YES;
				CLANG_WARN_DEPRECATED_OBJC_IMPLEMENTATIONS = YES;
				CLANG_WARN_DIRECT_OBJC_ISA_USAGE = YES_ERROR;
				CLANG_WARN_DOCUMENTATION_COMMENTS = YES;
				CLANG_WARN_EMPTY_BODY = YES;
				CLANG_WARN_ENUM_CONVERSION = YES;
				CLANG_WARN_INFINITE_RECURSION = YES;
				CLANG_WARN_INT_CONVERSION = YES;
				CLANG_WARN_NON_LITERAL_NULL_CONVERSION = YES;
				CLANG_WARN_OBJC_IMPLICIT_RETAIN_SELF = YES;
				CLANG_WARN_OBJC_LITERAL_CONVERSION = YES;
				CLANG_WARN_OBJC_ROOT_CLASS = YES_ERROR;
				CLANG_WARN_QUOTED_INCLUDE_IN_FRAMEWORK_HEADER = YES;
				CLANG_WARN_RANGE_LOOP_ANALYSIS = YES;
				CLANG_WARN_STRICT_PROTOTYPES = YES;
				CLANG_WARN_SUSPICIOUS_MOVE = YES;
				CLANG_WARN_UNGUARDED_AVAILABILITY = YES_AGGRESSIVE;
				CLANG_WARN_UNREACHABLE_CODE = YES;
				CLANG_WARN__DUPLICATE_METHOD_MATCH = YES;
				COPY_PHASE_STRIP = NO;
				DEBUG_INFORMATION_FORMAT = "dwarf-with-dsym";
				ENABLE_NS_ASSERTIONS = NO;
				ENABLE_STRICT_OBJC_MSGSEND = YES;
				GCC_C_LANGUAGE_STANDARD = gnu11;
				GCC_NO_COMMON_BLOCKS = YES;
				GCC_WARN_64_TO_32_BIT_CONVERSION = YES;
				GCC_WARN_ABOUT_RETURN_TYPE = YES_ERROR;
				GCC_WARN_UNDECLARED_SELECTOR = YES;
				GCC_WARN_UNINITIALIZED_AUTOS = YES_AGGRESSIVE;
				GCC_WARN_UNUSED_FUNCTION = YES;
				GCC_WARN_UNUSED_VARIABLE = YES;
				IPHONEOS_DEPLOYMENT_TARGET = 15.5;
				MTL_ENABLE_DEBUG_INFO = NO;
				MTL_FAST_MATH = YES;
				SDKROOT = iphoneos;
				SWIFT_COMPILATION_MODE = wholemodule;
				SWIFT_OPTIMIZATION_LEVEL = "-O";
				VALIDATE_PRODUCT = YES;
			};
			name = Release;
		};
		5A0C54FE29655230004490B2 /* Debug */ = {
			isa = XCBuildConfiguration;
			buildSettings = {
				ASSETCATALOG_COMPILER_APPICON_NAME = AppIcon;
				ASSETCATALOG_COMPILER_GLOBAL_ACCENT_COLOR_NAME = AccentColor;
				CODE_SIGN_IDENTITY = "iPhone Developer";
				CODE_SIGN_STYLE = Manual;
				CURRENT_PROJECT_VERSION = 1;
				DEVELOPMENT_TEAM = 6CWF679Z8N;
				GENERATE_INFOPLIST_FILE = YES;
				INFOPLIST_FILE = "in-App Purschase/Info.plist";
				INFOPLIST_KEY_UIApplicationSupportsIndirectInputEvents = YES;
				INFOPLIST_KEY_UILaunchStoryboardName = LaunchScreen;
				INFOPLIST_KEY_UIMainStoryboardFile = Main;
				INFOPLIST_KEY_UISupportedInterfaceOrientations_iPad = "UIInterfaceOrientationPortrait UIInterfaceOrientationPortraitUpsideDown UIInterfaceOrientationLandscapeLeft UIInterfaceOrientationLandscapeRight";
				INFOPLIST_KEY_UISupportedInterfaceOrientations_iPhone = "UIInterfaceOrientationPortrait UIInterfaceOrientationLandscapeLeft UIInterfaceOrientationLandscapeRight";
				LD_RUNPATH_SEARCH_PATHS = (
					"$(inherited)",
					"@executable_path/Frameworks",
				);
				MARKETING_VERSION = 1.0;
				PRODUCT_BUNDLE_IDENTIFIER = com.UnitTestExample;
				PRODUCT_NAME = "$(TARGET_NAME)";
				PROVISIONING_PROFILE_SPECIFIER = "UnitTestExample dev";
				SWIFT_EMIT_LOC_STRINGS = YES;
				SWIFT_VERSION = 5.0;
				TARGETED_DEVICE_FAMILY = "1,2";
			};
			name = Debug;
		};
		5A0C54FF29655230004490B2 /* Release */ = {
			isa = XCBuildConfiguration;
			buildSettings = {
				ASSETCATALOG_COMPILER_APPICON_NAME = AppIcon;
				ASSETCATALOG_COMPILER_GLOBAL_ACCENT_COLOR_NAME = AccentColor;
				CODE_SIGN_IDENTITY = "iPhone Developer";
				CODE_SIGN_STYLE = Manual;
				CURRENT_PROJECT_VERSION = 1;
				DEVELOPMENT_TEAM = 6CWF679Z8N;
				GENERATE_INFOPLIST_FILE = YES;
				INFOPLIST_FILE = "in-App Purschase/Info.plist";
				INFOPLIST_KEY_UIApplicationSupportsIndirectInputEvents = YES;
				INFOPLIST_KEY_UILaunchStoryboardName = LaunchScreen;
				INFOPLIST_KEY_UIMainStoryboardFile = Main;
				INFOPLIST_KEY_UISupportedInterfaceOrientations_iPad = "UIInterfaceOrientationPortrait UIInterfaceOrientationPortraitUpsideDown UIInterfaceOrientationLandscapeLeft UIInterfaceOrientationLandscapeRight";
				INFOPLIST_KEY_UISupportedInterfaceOrientations_iPhone = "UIInterfaceOrientationPortrait UIInterfaceOrientationLandscapeLeft UIInterfaceOrientationLandscapeRight";
				LD_RUNPATH_SEARCH_PATHS = (
					"$(inherited)",
					"@executable_path/Frameworks",
				);
				MARKETING_VERSION = 1.0;
				PRODUCT_BUNDLE_IDENTIFIER = com.UnitTestExample;
				PRODUCT_NAME = "$(TARGET_NAME)";
				PROVISIONING_PROFILE_SPECIFIER = "UnitTestExample dev";
				SWIFT_EMIT_LOC_STRINGS = YES;
				SWIFT_VERSION = 5.0;
				TARGETED_DEVICE_FAMILY = "1,2";
			};
			name = Release;
		};
		5A0C550129655230004490B2 /* Debug */ = {
			isa = XCBuildConfiguration;
			buildSettings = {
				ALWAYS_EMBED_SWIFT_STANDARD_LIBRARIES = YES;
				BUNDLE_LOADER = "$(TEST_HOST)";
				CODE_SIGN_STYLE = Automatic;
				CURRENT_PROJECT_VERSION = 1;
				DEVELOPMENT_TEAM = 6CWF679Z8N;
				GENERATE_INFOPLIST_FILE = YES;
				IPHONEOS_DEPLOYMENT_TARGET = 15.5;
				MARKETING_VERSION = 1.0;
				PRODUCT_BUNDLE_IDENTIFIER = "com.parthi.in-App-PurschaseTests";
				PRODUCT_NAME = "$(TARGET_NAME)";
				SWIFT_EMIT_LOC_STRINGS = NO;
				SWIFT_VERSION = 5.0;
				TARGETED_DEVICE_FAMILY = "1,2";
				TEST_HOST = "$(BUILT_PRODUCTS_DIR)/in-App Purschase.app/in-App Purschase";
			};
			name = Debug;
		};
		5A0C550229655230004490B2 /* Release */ = {
			isa = XCBuildConfiguration;
			buildSettings = {
				ALWAYS_EMBED_SWIFT_STANDARD_LIBRARIES = YES;
				BUNDLE_LOADER = "$(TEST_HOST)";
				CODE_SIGN_STYLE = Automatic;
				CURRENT_PROJECT_VERSION = 1;
				DEVELOPMENT_TEAM = 6CWF679Z8N;
				GENERATE_INFOPLIST_FILE = YES;
				IPHONEOS_DEPLOYMENT_TARGET = 15.5;
				MARKETING_VERSION = 1.0;
				PRODUCT_BUNDLE_IDENTIFIER = "com.parthi.in-App-PurschaseTests";
				PRODUCT_NAME = "$(TARGET_NAME)";
				SWIFT_EMIT_LOC_STRINGS = NO;
				SWIFT_VERSION = 5.0;
				TARGETED_DEVICE_FAMILY = "1,2";
				TEST_HOST = "$(BUILT_PRODUCTS_DIR)/in-App Purschase.app/in-App Purschase";
			};
			name = Release;
		};
		5A0C550429655230004490B2 /* Debug */ = {
			isa = XCBuildConfiguration;
			buildSettings = {
				ALWAYS_EMBED_SWIFT_STANDARD_LIBRARIES = YES;
				CODE_SIGN_STYLE = Automatic;
				CURRENT_PROJECT_VERSION = 1;
				DEVELOPMENT_TEAM = 6CWF679Z8N;
				GENERATE_INFOPLIST_FILE = YES;
				MARKETING_VERSION = 1.0;
				PRODUCT_BUNDLE_IDENTIFIER = "com.parthi.in-App-PurschaseUITests";
				PRODUCT_NAME = "$(TARGET_NAME)";
				SWIFT_EMIT_LOC_STRINGS = NO;
				SWIFT_VERSION = 5.0;
				TARGETED_DEVICE_FAMILY = "1,2";
				TEST_TARGET_NAME = "in-App Purschase";
			};
			name = Debug;
		};
		5A0C550529655230004490B2 /* Release */ = {
			isa = XCBuildConfiguration;
			buildSettings = {
				ALWAYS_EMBED_SWIFT_STANDARD_LIBRARIES = YES;
				CODE_SIGN_STYLE = Automatic;
				CURRENT_PROJECT_VERSION = 1;
				DEVELOPMENT_TEAM = 6CWF679Z8N;
				GENERATE_INFOPLIST_FILE = YES;
				MARKETING_VERSION = 1.0;
				PRODUCT_BUNDLE_IDENTIFIER = "com.parthi.in-App-PurschaseUITests";
				PRODUCT_NAME = "$(TARGET_NAME)";
				SWIFT_EMIT_LOC_STRINGS = NO;
				SWIFT_VERSION = 5.0;
				TARGETED_DEVICE_FAMILY = "1,2";
				TEST_TARGET_NAME = "in-App Purschase";
			};
			name = Release;
		};
/* End XCBuildConfiguration section */

/* Begin XCConfigurationList section */
		5A0C54CE2965522C004490B2 /* Build configuration list for PBXProject "in-App Purschase" */ = {
			isa = XCConfigurationList;
			buildConfigurations = (
				5A0C54FB29655230004490B2 /* Debug */,
				5A0C54FC29655230004490B2 /* Release */,
			);
			defaultConfigurationIsVisible = 0;
			defaultConfigurationName = Release;
		};
		5A0C54FD29655230004490B2 /* Build configuration list for PBXNativeTarget "in-App Purschase" */ = {
			isa = XCConfigurationList;
			buildConfigurations = (
				5A0C54FE29655230004490B2 /* Debug */,
				5A0C54FF29655230004490B2 /* Release */,
			);
			defaultConfigurationIsVisible = 0;
			defaultConfigurationName = Release;
		};
		5A0C550029655230004490B2 /* Build configuration list for PBXNativeTarget "in-App PurschaseTests" */ = {
			isa = XCConfigurationList;
			buildConfigurations = (
				5A0C550129655230004490B2 /* Debug */,
				5A0C550229655230004490B2 /* Release */,
			);
			defaultConfigurationIsVisible = 0;
			defaultConfigurationName = Release;
		};
		5A0C550329655230004490B2 /* Build configuration list for PBXNativeTarget "in-App PurschaseUITests" */ = {
			isa = XCConfigurationList;
			buildConfigurations = (
				5A0C550429655230004490B2 /* Debug */,
				5A0C550529655230004490B2 /* Release */,
			);
			defaultConfigurationIsVisible = 0;
			defaultConfigurationName = Release;
		};
/* End XCConfigurationList section */
	};
	rootObject = 5A0C54CB2965522C004490B2 /* Project object */;
}
